
Microsoft Visual Studio Solution File, Format Version 12.00
# Visual Studio Version 17
VisualStudioVersion = 17.1.32328.378
MinimumVisualStudioVersion = 10.0.40219.1
Project("{FAE04EC0-301F-11D3-BF4B-00C04F79EFBC}") = "weatherprogramwallpaper", "weatherprogramwallpaper\weatherprogramwallpaper.csproj", "{1CA08B43-0A9E-46D3-AF2F-8D71097BBF3A}"
EndProject
Global
	GlobalSection(SolutionConfigurationPlatforms) = preSolution
		Debug|Any CPU = Debug|Any CPU
		Release|Any CPU = Release|Any CPU
	EndGlobalSection
	GlobalSection(ProjectConfigurationPlatforms) = postSolution
		{1CA08B43-0A9E-46D3-AF2F-8D71097BBF3A}.Debug|Any CPU.ActiveCfg = Debug|Any CPU
		{1CA08B43-0A9E-46D3-AF2F-8D71097BBF3A}.Debug|Any CPU.Build.0 = Debug|Any CPU
		{1CA08B43-0A9E-46D3-AF2F-8D71097BBF3A}.Release|Any CPU.ActiveCfg = Release|Any CPU
		{1CA08B43-0A9E-46D3-AF2F-8D71097BBF3A}.Release|Any CPU.Build.0 = Release|Any CPU
	EndGlobalSection
	GlobalSection(SolutionProperties) = preSolution
		HideSolutionNode = FALSE
	EndGlobalSection
	GlobalSection(ExtensibilityGlobals) = postSolution
		SolutionGuid = {A466E534-99DD-45F9-930C-B51C151A481D}
	EndGlobalSection
EndGlobal
